{"version":4,"terraform_version":"1.10.7","serial":1,"lineage":"349c3518-58cc-ebea-ffa2-cd224e18af8e","outputs":{"debug_access_role_arn":{"value":"arn:aws:iam::000000000000:role/debug-access","type":"string"},"developer_elevated_role_arn":{"value":"arn:aws:iam::000000000000:role/developer-elevated","type":"string"},"readonly_prod_role_arn":{"value":"arn:aws:iam::000000000000:role/readonly-prod","type":"string"}},"resources":[{"mode":"managed","type":"aws_iam_role","name":"debug_access","provider":"provider[\"registry.opentofu.org/hashicorp/aws\"]","instances":[{"schema_version":0,"attributes":{"arn":"arn:aws:iam::000000000000:role/debug-access","assume_role_policy":"{\"Statement\":[{\"Action\":\"sts:AssumeRole\",\"Effect\":\"Allow\",\"Principal\":{\"AWS\":\"*\"}}],\"Version\":\"2012-10-17\"}","create_date":"2025-12-06T07:30:49Z","description":"","force_detach_policies":false,"id":"debug-access","inline_policy":[],"managed_policy_arns":[],"max_session_duration":3600,"name":"debug-access","name_prefix":"","path":"/","permissions_boundary":"","tags":{"Environment":"development","Purpose":"privilege-escalation"},"tags_all":{"Environment":"development","Purpose":"privilege-escalation"},"unique_id":"AROAQAAAAAAAHONARKOMP"},"sensitive_attributes":[],"private":"bnVsbA=="}]},{"mode":"managed","type":"aws_iam_role","name":"developer_elevated","provider":"provider[\"registry.opentofu.org/hashicorp/aws\"]","instances":[{"schema_version":0,"attributes":{"arn":"arn:aws:iam::000000000000:role/developer-elevated","assume_role_policy":"{\"Statement\":[{\"Action\":\"sts:AssumeRole\",\"Effect\":\"Allow\",\"Principal\":{\"AWS\":\"*\"}}],\"Version\":\"2012-10-17\"}","create_date":"2025-12-06T07:30:49Z","description":"","force_detach_policies":false,"id":"developer-elevated","inline_policy":[],"managed_policy_arns":[],"max_session_duration":3600,"name":"developer-elevated","name_prefix":"","path":"/","permissions_boundary":"","tags":{"Environment":"development","Purpose":"privilege-escalation"},"tags_all":{"Environment":"development","Purpose":"privilege-escalation"},"unique_id":"AROAQAAAAAAAIEEMBROJ3"},"sensitive_attributes":[],"private":"bnVsbA=="}]},{"mode":"managed","type":"aws_iam_role","name":"readonly_prod","provider":"provider[\"registry.opentofu.org/hashicorp/aws\"]","instances":[{"schema_version":0,"attributes":{"arn":"arn:aws:iam::000000000000:role/readonly-prod","assume_role_policy":"{\"Statement\":[{\"Action\":\"sts:AssumeRole\",\"Effect\":\"Allow\",\"Principal\":{\"AWS\":\"*\"}}],\"Version\":\"2012-10-17\"}","create_date":"2025-12-06T07:30:49Z","description":"","force_detach_policies":false,"id":"readonly-prod","inline_policy":[],"managed_policy_arns":[],"max_session_duration":3600,"name":"readonly-prod","name_prefix":"","path":"/","permissions_boundary":"","tags":{"Environment":"production","Purpose":"privilege-escalation"},"tags_all":{"Environment":"production","Purpose":"privilege-escalation"},"unique_id":"AROAQAAAAAAAD6XT3UJNX"},"sensitive_attributes":[],"private":"bnVsbA=="}]},{"mode":"managed","type":"aws_iam_role_policy","name":"debug_access","provider":"provider[\"registry.opentofu.org/hashicorp/aws\"]","instances":[{"schema_version":0,"attributes":{"id":"debug-access:debug-access-policy","name":"debug-access-policy","name_prefix":"","policy":"{\"Version\":\"2012-10-17\",\"Statement\":[{\"Action\":[\"logs:*\",\"xray:*\",\"cloudwatch:*\"],\"Effect\":\"Allow\",\"Resource\":\"*\"}]}","role":"debug-access"},"sensitive_attributes":[],"private":"bnVsbA==","dependencies":["aws_iam_role.debug_access"]}]},{"mode":"managed","type":"aws_iam_role_policy","name":"developer_elevated","provider":"provider[\"registry.opentofu.org/hashicorp/aws\"]","instances":[{"schema_version":0,"attributes":{"id":"developer-elevated:developer-elevated-policy","name":"developer-elevated-policy","name_prefix":"","policy":"{\"Version\":\"2012-10-17\",\"Statement\":[{\"Action\":[\"logs:*\",\"cloudwatch:*\",\"ec2:Describe*\",\"rds:Describe*\",\"s3:Get*\",\"s3:List*\"],\"Effect\":\"Allow\",\"Resource\":\"*\"}]}","role":"developer-elevated"},"sensitive_attributes":[],"private":"bnVsbA==","dependencies":["aws_iam_role.developer_elevated"]}]},{"mode":"managed","type":"aws_iam_role_policy","name":"readonly_prod","provider":"provider[\"registry.opentofu.org/hashicorp/aws\"]","instances":[{"schema_version":0,"attributes":{"id":"readonly-prod:readonly-prod-policy","name":"readonly-prod-policy","name_prefix":"","policy":"{\"Version\":\"2012-10-17\",\"Statement\":[{\"Action\":[\"*:Describe*\",\"*:Get*\",\"*:List*\"],\"Effect\":\"Allow\",\"Resource\":\"*\"}]}","role":"readonly-prod"},"sensitive_attributes":[],"private":"bnVsbA==","dependencies":["aws_iam_role.readonly_prod"]}]}],"check_results":null}
